
Microsoft Visual Studio Solution File, Format Version 12.00
# Visual Studio Version 17
VisualStudioVersion = 17.7.34031.279
MinimumVisualStudioVersion = 10.0.40219.1
Project("{8BC9CEB8-8B4A-11D0-8D11-00A0C91BC942}") = "시스템프로그래밍 중간", "시스템프로그래밍 중간\시스템프로그래밍 중간.vcxproj", "{022CEFAE-5C68-442C-91F9-FCE2E6356071}"
EndProject
Global
	GlobalSection(SolutionConfigurationPlatforms) = preSolution
		Debug|x64 = Debug|x64
		Debug|x86 = Debug|x86
		Release|x64 = Release|x64
		Release|x86 = Release|x86
	EndGlobalSection
	GlobalSection(ProjectConfigurationPlatforms) = postSolution
		{022CEFAE-5C68-442C-91F9-FCE2E6356071}.Debug|x64.ActiveCfg = Debug|x64
		{022CEFAE-5C68-442C-91F9-FCE2E6356071}.Debug|x64.Build.0 = Debug|x64
		{022CEFAE-5C68-442C-91F9-FCE2E6356071}.Debug|x86.ActiveCfg = Debug|Win32
		{022CEFAE-5C68-442C-91F9-FCE2E6356071}.Debug|x86.Build.0 = Debug|Win32
		{022CEFAE-5C68-442C-91F9-FCE2E6356071}.Release|x64.ActiveCfg = Release|x64
		{022CEFAE-5C68-442C-91F9-FCE2E6356071}.Release|x64.Build.0 = Release|x64
		{022CEFAE-5C68-442C-91F9-FCE2E6356071}.Release|x86.ActiveCfg = Release|Win32
		{022CEFAE-5C68-442C-91F9-FCE2E6356071}.Release|x86.Build.0 = Release|Win32
	EndGlobalSection
	GlobalSection(SolutionProperties) = preSolution
		HideSolutionNode = FALSE
	EndGlobalSection
	GlobalSection(ExtensibilityGlobals) = postSolution
		SolutionGuid = {E5356274-12C1-413B-8EC9-626C9F2FF2E2}
	EndGlobalSection
EndGlobal
